{
  "version": 1,
  "dependencies": {
    "net9.0-windows10.0.19041": {
      "Microsoft.Extensions.Configuration": {
        "type": "Transitive",
        "resolved": "9.0.17",
        "contentHash": "RKKU/0arQsthvHQpj+6gWzkJCUZ3CSnfCz6FI7zvmTX8fwJn6UvoFlO5oSW6l6z+CdO4DQsLGXK8shMVMxvtTA==",
        "dependencies": {
          "Microsoft.Extensions.Configuration.Abstractions": "9.0.17",
          "Microsoft.Extensions.Primitives": "9.0.17"
        }
      },
      "Microsoft.Extensions.Configuration.Abstractions": {
        "type": "Transitive",
        "resolved": "9.0.17",
        "contentHash": "z67yRM/b3DoKw8Nji5S9mnrtTsNqi9Mi9szlsz2kArkmvmMl9G5ctH5e/DGCEkMS4xgAhRI2C99jrjR9na+atQ==",
        "dependencies": {
          "Microsoft.Extensions.Primitives": "9.0.17"
        }
      },
      "Microsoft.Extensions.Configuration.Binder": {
        "type": "Transitive",
        "resolved": "9.0.17",
        "contentHash": "UnOSrzXlS2u1mlTDLczyxPhwI09U4JseLGlYE2noO/mFQDEmnb+/VzC4DMZ9/TUqQB8XZeQDkaEgf3k3Q+cRGA==",
        "dependencies": {
          "Microsoft.Extensions.Configuration.Abstractions": "9.0.17"
        }
      },
      "Microsoft.Extensions.Configuration.CommandLine": {
        "type": "Transitive",
        "resolved": "9.0.17",
        "contentHash": "DbQhhR9IdIf7hQ2CHu3YuM6y/1QeeSofdTABTadx79fkTcJuYJcd9YuZ3h7Wg6bugB2ARZuN37JvKKd5qP2pRQ==",
        "dependencies": {
          "Microsoft.Extensions.Configuration": "9.0.17",
          "Microsoft.Extensions.Configuration.Abstractions": "9.0.17"
        }
      },
      "Microsoft.Extensions.Configuration.EnvironmentVariables": {
        "type": "Transitive",
        "resolved": "9.0.17",
        "contentHash": "d51CgC+auvCX7uYVG09WfreZjHl5eS5zycf2MGXToBOiAS6GiOwhfARzCSIrsOj+KArSZRww0wlhikEwYeZSWQ==",
        "dependencies": {
          "Microsoft.Extensions.Configuration": "9.0.17",
          "Microsoft.Extensions.Configuration.Abstractions": "9.0.17"
        }
      },
      "Microsoft.Extensions.Configuration.FileExtensions": {
        "type": "Transitive",
        "resolved": "9.0.17",
        "contentHash": "uE144Yd4Ybv+VHVIr3/Eaq9yTV7CBbRZcPl098qLKDOOB+ekccrttsFWKZSmx+/cCWM3MvciPGuSC8K7ug6lsg==",
        "dependencies": {
          "Microsoft.Extensions.Configuration": "9.0.17",
          "Microsoft.Extensions.Configuration.Abstractions": "9.0.17",
          "Microsoft.Extensions.FileProviders.Abstractions": "9.0.17",
          "Microsoft.Extensions.FileProviders.Physical": "9.0.17",
          "Microsoft.Extensions.Primitives": "9.0.17"
        }
      },
      "Microsoft.Extensions.Configuration.Json": {
        "type": "Transitive",
        "resolved": "9.0.17",
        "contentHash": "jaH4nniqXyhhQ3tQov57Pn2X+y3LgaeKAKGR9E04giCOJafp/3emcRi3lHi5XfdWbYP/v46zPKVovRl+Ogq/Kg==",
        "dependencies": {
          "Microsoft.Extensions.Configuration": "9.0.17",
          "Microsoft.Extensions.Configuration.Abstractions": "9.0.17",
          "Microsoft.Extensions.Configuration.FileExtensions": "9.0.17",
          "Microsoft.Extensions.FileProviders.Abstractions": "9.0.17"
        }
      },
      "Microsoft.Extensions.FileProviders.Abstractions": {
        "type": "Transitive",
        "resolved": "9.0.17",
        "contentHash": "uTkT+/Km0tEPOw9kiLTXJwXlEVQZ5IBxRQm2EvIAwebfKqqaVY/ClkgcZ7FyzzwqFkFmhklWet4Ju4yWRy5jPg==",
        "dependencies": {
          "Microsoft.Extensions.Primitives": "9.0.17"
        }
      },
      "Microsoft.Extensions.FileProviders.Physical": {
        "type": "Transitive",
        "resolved": "9.0.17",
        "contentHash": "I8ZYDKpCput7HdOdJzlGp6lLZzEK0SD3kxyZq3844q29uDrhgeKjsMIINAjvVZa0vMni0np22oF0DzR7ASyvQw==",
        "dependencies": {
          "Microsoft.Extensions.FileProviders.Abstractions": "9.0.17",
          "Microsoft.Extensions.FileSystemGlobbing": "9.0.17",
          "Microsoft.Extensions.Primitives": "9.0.17"
        }
      },
      "Microsoft.Extensions.FileSystemGlobbing": {
        "type": "Transitive",
        "resolved": "9.0.17",
        "contentHash": "Q1dWc+ORSFB4c4lSw2wRj/s0OEODTrjXhx/U5XZQiagLy2ewAoXH11XmxFQHQI0GcOLQwRGA7oOD2iIKRQq+dQ=="
      },
      "Microsoft.Extensions.Primitives": {
        "type": "Transitive",
        "resolved": "9.0.17",
        "contentHash": "WBjZ/zeb6PyCLT6lpGSzNtdMyRDloFSPqjY9kIGb5rdSng03rd0+ix/jDEYU6DUjE7JVLuhggXeMONVBxBHEXg=="
      },
      "System.CodeDom": {
        "type": "Transitive",
        "resolved": "9.0.17",
        "contentHash": "WVTjV5fy0sHADE6+knn0D6oAwu5zFfGhJYZptnW7HNhN2HUU7bl/zg21DzxbH9vUDucDmy51PbPqaBD4sZKDqg=="
      },
      "System.Management": {
        "type": "Transitive",
        "resolved": "9.0.17",
        "contentHash": "7+XQnwIdwgZpA0HOzKOr8Di1AHUbaDyZxn7wru0YGbt+eSQ/NU6gevl7veBmXt1TH3KBorXPTHLQrDFxGyHbnA==",
        "dependencies": {
          "System.CodeDom": "9.0.17"
        }
      },
      "ccusage.ingestion": {
        "type": "Project"
      },
      "ccusage.reporter.core": {
        "type": "Project",
        "dependencies": {
          "Ccusage.Ingestion": "[1.0.0, )",
          "Microsoft.Extensions.Configuration": "[9.0.17, )",
          "Microsoft.Extensions.Configuration.Binder": "[9.0.17, )",
          "Microsoft.Extensions.Configuration.CommandLine": "[9.0.17, )",
          "Microsoft.Extensions.Configuration.EnvironmentVariables": "[9.0.17, )",
          "Microsoft.Extensions.Configuration.Json": "[9.0.17, )",
          "System.Management": "[9.0.17, )"
        }
      }
    }
  }
}